
Microsoft Visual Studio Solution File, Format Version 12.00
# Visual Studio Version 17
VisualStudioVersion = 17.0.32126.317
MinimumVisualStudioVersion = 10.0.40219.1
Project("{FAE04EC0-301F-11D3-BF4B-00C04F79EFBC}") = "Day21Project2", "Day21Project2\Day21Project2.csproj", "{5F4CCA45-3D89-4B4E-99B4-057BC301741A}"
EndProject
Global
	GlobalSection(SolutionConfigurationPlatforms) = preSolution
		Debug|Any CPU = Debug|Any CPU
		Release|Any CPU = Release|Any CPU
	EndGlobalSection
	GlobalSection(ProjectConfigurationPlatforms) = postSolution
		{5F4CCA45-3D89-4B4E-99B4-057BC301741A}.Debug|Any CPU.ActiveCfg = Debug|Any CPU
		{5F4CCA45-3D89-4B4E-99B4-057BC301741A}.Debug|Any CPU.Build.0 = Debug|Any CPU
		{5F4CCA45-3D89-4B4E-99B4-057BC301741A}.Release|Any CPU.ActiveCfg = Release|Any CPU
		{5F4CCA45-3D89-4B4E-99B4-057BC301741A}.Release|Any CPU.Build.0 = Release|Any CPU
	EndGlobalSection
	GlobalSection(SolutionProperties) = preSolution
		HideSolutionNode = FALSE
	EndGlobalSection
	GlobalSection(ExtensibilityGlobals) = postSolution
		SolutionGuid = {ACD2E504-3B1A-4282-AAED-335CFE4EA78E}
	EndGlobalSection
EndGlobal
