
Microsoft Visual Studio Solution File, Format Version 12.00
# Visual Studio Version 17
VisualStudioVersion = 17.0.32112.339
MinimumVisualStudioVersion = 10.0.40219.1
Project("{FAE04EC0-301F-11D3-BF4B-00C04F79EFBC}") = "Day9project2", "Day9project2\Day9project2.csproj", "{FB0DBD64-7A70-4A40-93B9-759D40241177}"
EndProject
Global
	GlobalSection(SolutionConfigurationPlatforms) = preSolution
		Debug|Any CPU = Debug|Any CPU
		Release|Any CPU = Release|Any CPU
	EndGlobalSection
	GlobalSection(ProjectConfigurationPlatforms) = postSolution
		{FB0DBD64-7A70-4A40-93B9-759D40241177}.Debug|Any CPU.ActiveCfg = Debug|Any CPU
		{FB0DBD64-7A70-4A40-93B9-759D40241177}.Debug|Any CPU.Build.0 = Debug|Any CPU
		{FB0DBD64-7A70-4A40-93B9-759D40241177}.Release|Any CPU.ActiveCfg = Release|Any CPU
		{FB0DBD64-7A70-4A40-93B9-759D40241177}.Release|Any CPU.Build.0 = Release|Any CPU
	EndGlobalSection
	GlobalSection(SolutionProperties) = preSolution
		HideSolutionNode = FALSE
	EndGlobalSection
	GlobalSection(ExtensibilityGlobals) = postSolution
		SolutionGuid = {FE99EEC7-C941-40A3-9B06-38522D4A451E}
	EndGlobalSection
EndGlobal
