
Microsoft Visual Studio Solution File, Format Version 12.00
# Visual Studio Version 17
VisualStudioVersion = 17.0.32126.317
MinimumVisualStudioVersion = 10.0.40219.1
Project("{FAE04EC0-301F-11D3-BF4B-00C04F79EFBC}") = "Day15Project2", "Day15Project2\Day15Project2.csproj", "{1488615E-091F-40F0-8348-267F5C1A57BC}"
EndProject
Global
	GlobalSection(SolutionConfigurationPlatforms) = preSolution
		Debug|Any CPU = Debug|Any CPU
		Release|Any CPU = Release|Any CPU
	EndGlobalSection
	GlobalSection(ProjectConfigurationPlatforms) = postSolution
		{1488615E-091F-40F0-8348-267F5C1A57BC}.Debug|Any CPU.ActiveCfg = Debug|Any CPU
		{1488615E-091F-40F0-8348-267F5C1A57BC}.Debug|Any CPU.Build.0 = Debug|Any CPU
		{1488615E-091F-40F0-8348-267F5C1A57BC}.Release|Any CPU.ActiveCfg = Release|Any CPU
		{1488615E-091F-40F0-8348-267F5C1A57BC}.Release|Any CPU.Build.0 = Release|Any CPU
	EndGlobalSection
	GlobalSection(SolutionProperties) = preSolution
		HideSolutionNode = FALSE
	EndGlobalSection
	GlobalSection(ExtensibilityGlobals) = postSolution
		SolutionGuid = {F00F2B5E-6E7B-4EEB-BAFD-51C4025AC40A}
	EndGlobalSection
EndGlobal
