
Microsoft Visual Studio Solution File, Format Version 12.00
# Visual Studio Version 17
VisualStudioVersion = 17.0.32112.339
MinimumVisualStudioVersion = 10.0.40219.1
Project("{FAE04EC0-301F-11D3-BF4B-00C04F79EFBC}") = "Day13project5", "Day13project5\Day13project5.csproj", "{B474BF83-210F-4CBB-BBD7-C952CEB42081}"
EndProject
Global
	GlobalSection(SolutionConfigurationPlatforms) = preSolution
		Debug|Any CPU = Debug|Any CPU
		Release|Any CPU = Release|Any CPU
	EndGlobalSection
	GlobalSection(ProjectConfigurationPlatforms) = postSolution
		{B474BF83-210F-4CBB-BBD7-C952CEB42081}.Debug|Any CPU.ActiveCfg = Debug|Any CPU
		{B474BF83-210F-4CBB-BBD7-C952CEB42081}.Debug|Any CPU.Build.0 = Debug|Any CPU
		{B474BF83-210F-4CBB-BBD7-C952CEB42081}.Release|Any CPU.ActiveCfg = Release|Any CPU
		{B474BF83-210F-4CBB-BBD7-C952CEB42081}.Release|Any CPU.Build.0 = Release|Any CPU
	EndGlobalSection
	GlobalSection(SolutionProperties) = preSolution
		HideSolutionNode = FALSE
	EndGlobalSection
	GlobalSection(ExtensibilityGlobals) = postSolution
		SolutionGuid = {8BBB96D2-7257-4E29-8868-610C5114B530}
	EndGlobalSection
EndGlobal
