
Microsoft Visual Studio Solution File, Format Version 12.00
# Visual Studio Version 17
VisualStudioVersion = 17.0.32112.339
MinimumVisualStudioVersion = 10.0.40219.1
Project("{FAE04EC0-301F-11D3-BF4B-00C04F79EFBC}") = "ForHello", "ForHello\ForHello.csproj", "{5E7DD903-24C6-49C5-8901-F8D145A72FD3}"
EndProject
Global
	GlobalSection(SolutionConfigurationPlatforms) = preSolution
		Debug|Any CPU = Debug|Any CPU
		Release|Any CPU = Release|Any CPU
	EndGlobalSection
	GlobalSection(ProjectConfigurationPlatforms) = postSolution
		{5E7DD903-24C6-49C5-8901-F8D145A72FD3}.Debug|Any CPU.ActiveCfg = Debug|Any CPU
		{5E7DD903-24C6-49C5-8901-F8D145A72FD3}.Debug|Any CPU.Build.0 = Debug|Any CPU
		{5E7DD903-24C6-49C5-8901-F8D145A72FD3}.Release|Any CPU.ActiveCfg = Release|Any CPU
		{5E7DD903-24C6-49C5-8901-F8D145A72FD3}.Release|Any CPU.Build.0 = Release|Any CPU
	EndGlobalSection
	GlobalSection(SolutionProperties) = preSolution
		HideSolutionNode = FALSE
	EndGlobalSection
	GlobalSection(ExtensibilityGlobals) = postSolution
		SolutionGuid = {5EAAD863-0D49-4AAA-A250-84095EEB77BD}
	EndGlobalSection
EndGlobal
