
Microsoft Visual Studio Solution File, Format Version 12.00
# Visual Studio Version 17
VisualStudioVersion = 17.0.32126.317
MinimumVisualStudioVersion = 10.0.40219.1
Project("{FAE04EC0-301F-11D3-BF4B-00C04F79EFBC}") = "Day15Project6", "Day15Project6\Day15Project6.csproj", "{0D5AD007-C679-4C14-9C5C-C3DF4EE9D9C6}"
EndProject
Global
	GlobalSection(SolutionConfigurationPlatforms) = preSolution
		Debug|Any CPU = Debug|Any CPU
		Release|Any CPU = Release|Any CPU
	EndGlobalSection
	GlobalSection(ProjectConfigurationPlatforms) = postSolution
		{0D5AD007-C679-4C14-9C5C-C3DF4EE9D9C6}.Debug|Any CPU.ActiveCfg = Debug|Any CPU
		{0D5AD007-C679-4C14-9C5C-C3DF4EE9D9C6}.Debug|Any CPU.Build.0 = Debug|Any CPU
		{0D5AD007-C679-4C14-9C5C-C3DF4EE9D9C6}.Release|Any CPU.ActiveCfg = Release|Any CPU
		{0D5AD007-C679-4C14-9C5C-C3DF4EE9D9C6}.Release|Any CPU.Build.0 = Release|Any CPU
	EndGlobalSection
	GlobalSection(SolutionProperties) = preSolution
		HideSolutionNode = FALSE
	EndGlobalSection
	GlobalSection(ExtensibilityGlobals) = postSolution
		SolutionGuid = {8213C7FF-D123-49D1-A0EC-9EE185F0A35B}
	EndGlobalSection
EndGlobal
