
Microsoft Visual Studio Solution File, Format Version 12.00
# Visual Studio Version 17
VisualStudioVersion = 17.0.32112.339
MinimumVisualStudioVersion = 10.0.40219.1
Project("{FAE04EC0-301F-11D3-BF4B-00C04F79EFBC}") = "Multiplicationtable2ndway", "Multiplicationtable2ndway\Multiplicationtable2ndway.csproj", "{1DF503F0-E68A-4E41-AC89-3A49C7F0BE71}"
EndProject
Global
	GlobalSection(SolutionConfigurationPlatforms) = preSolution
		Debug|Any CPU = Debug|Any CPU
		Release|Any CPU = Release|Any CPU
	EndGlobalSection
	GlobalSection(ProjectConfigurationPlatforms) = postSolution
		{1DF503F0-E68A-4E41-AC89-3A49C7F0BE71}.Debug|Any CPU.ActiveCfg = Debug|Any CPU
		{1DF503F0-E68A-4E41-AC89-3A49C7F0BE71}.Debug|Any CPU.Build.0 = Debug|Any CPU
		{1DF503F0-E68A-4E41-AC89-3A49C7F0BE71}.Release|Any CPU.ActiveCfg = Release|Any CPU
		{1DF503F0-E68A-4E41-AC89-3A49C7F0BE71}.Release|Any CPU.Build.0 = Release|Any CPU
	EndGlobalSection
	GlobalSection(SolutionProperties) = preSolution
		HideSolutionNode = FALSE
	EndGlobalSection
	GlobalSection(ExtensibilityGlobals) = postSolution
		SolutionGuid = {84FC0D18-564F-4A41-8C7C-FA7A7B3A8549}
	EndGlobalSection
EndGlobal
