
Microsoft Visual Studio Solution File, Format Version 12.00
# Visual Studio Version 17
VisualStudioVersion = 17.0.32112.339
MinimumVisualStudioVersion = 10.0.40219.1
Project("{FAE04EC0-301F-11D3-BF4B-00C04F79EFBC}") = "Day13Project6", "Day13Project6\Day13Project6.csproj", "{B1D6E71D-B4F3-4BB4-AC86-ECB9EE0076EE}"
EndProject
Global
	GlobalSection(SolutionConfigurationPlatforms) = preSolution
		Debug|Any CPU = Debug|Any CPU
		Release|Any CPU = Release|Any CPU
	EndGlobalSection
	GlobalSection(ProjectConfigurationPlatforms) = postSolution
		{B1D6E71D-B4F3-4BB4-AC86-ECB9EE0076EE}.Debug|Any CPU.ActiveCfg = Debug|Any CPU
		{B1D6E71D-B4F3-4BB4-AC86-ECB9EE0076EE}.Debug|Any CPU.Build.0 = Debug|Any CPU
		{B1D6E71D-B4F3-4BB4-AC86-ECB9EE0076EE}.Release|Any CPU.ActiveCfg = Release|Any CPU
		{B1D6E71D-B4F3-4BB4-AC86-ECB9EE0076EE}.Release|Any CPU.Build.0 = Release|Any CPU
	EndGlobalSection
	GlobalSection(SolutionProperties) = preSolution
		HideSolutionNode = FALSE
	EndGlobalSection
	GlobalSection(ExtensibilityGlobals) = postSolution
		SolutionGuid = {9A993BE8-79A7-4A42-A789-7BFF762144D0}
	EndGlobalSection
EndGlobal
