
Microsoft Visual Studio Solution File, Format Version 12.00
# Visual Studio Version 17
VisualStudioVersion = 17.0.32126.317
MinimumVisualStudioVersion = 10.0.40219.1
Project("{FAE04EC0-301F-11D3-BF4B-00C04F79EFBC}") = "Day15Project3", "Day15Project3\Day15Project3.csproj", "{D1E927F7-D4A2-4634-8468-4259C0E80EBA}"
EndProject
Global
	GlobalSection(SolutionConfigurationPlatforms) = preSolution
		Debug|Any CPU = Debug|Any CPU
		Release|Any CPU = Release|Any CPU
	EndGlobalSection
	GlobalSection(ProjectConfigurationPlatforms) = postSolution
		{D1E927F7-D4A2-4634-8468-4259C0E80EBA}.Debug|Any CPU.ActiveCfg = Debug|Any CPU
		{D1E927F7-D4A2-4634-8468-4259C0E80EBA}.Debug|Any CPU.Build.0 = Debug|Any CPU
		{D1E927F7-D4A2-4634-8468-4259C0E80EBA}.Release|Any CPU.ActiveCfg = Release|Any CPU
		{D1E927F7-D4A2-4634-8468-4259C0E80EBA}.Release|Any CPU.Build.0 = Release|Any CPU
	EndGlobalSection
	GlobalSection(SolutionProperties) = preSolution
		HideSolutionNode = FALSE
	EndGlobalSection
	GlobalSection(ExtensibilityGlobals) = postSolution
		SolutionGuid = {22D2C4D3-6BC0-4CFA-851F-0D30E8753AFA}
	EndGlobalSection
EndGlobal
