
Microsoft Visual Studio Solution File, Format Version 12.00
# Visual Studio Version 17
VisualStudioVersion = 17.0.32112.339
MinimumVisualStudioVersion = 10.0.40219.1
Project("{FAE04EC0-301F-11D3-BF4B-00C04F79EFBC}") = "Day11project2", "Day11project2\Day11project2.csproj", "{1F60F55D-4DB9-4180-8118-9CCA679243EF}"
EndProject
Global
	GlobalSection(SolutionConfigurationPlatforms) = preSolution
		Debug|Any CPU = Debug|Any CPU
		Release|Any CPU = Release|Any CPU
	EndGlobalSection
	GlobalSection(ProjectConfigurationPlatforms) = postSolution
		{1F60F55D-4DB9-4180-8118-9CCA679243EF}.Debug|Any CPU.ActiveCfg = Debug|Any CPU
		{1F60F55D-4DB9-4180-8118-9CCA679243EF}.Debug|Any CPU.Build.0 = Debug|Any CPU
		{1F60F55D-4DB9-4180-8118-9CCA679243EF}.Release|Any CPU.ActiveCfg = Release|Any CPU
		{1F60F55D-4DB9-4180-8118-9CCA679243EF}.Release|Any CPU.Build.0 = Release|Any CPU
	EndGlobalSection
	GlobalSection(SolutionProperties) = preSolution
		HideSolutionNode = FALSE
	EndGlobalSection
	GlobalSection(ExtensibilityGlobals) = postSolution
		SolutionGuid = {6052AFBB-DA82-4DDE-B7BB-A03EA48919D9}
	EndGlobalSection
EndGlobal
