
Microsoft Visual Studio Solution File, Format Version 12.00
# Visual Studio Version 17
VisualStudioVersion = 17.0.32112.339
MinimumVisualStudioVersion = 10.0.40219.1
Project("{FAE04EC0-301F-11D3-BF4B-00C04F79EFBC}") = "Day7project7", "Day7project7\Day7project7.csproj", "{9D4FC8AD-C413-4669-9D36-462FF2047418}"
EndProject
Global
	GlobalSection(SolutionConfigurationPlatforms) = preSolution
		Debug|Any CPU = Debug|Any CPU
		Release|Any CPU = Release|Any CPU
	EndGlobalSection
	GlobalSection(ProjectConfigurationPlatforms) = postSolution
		{9D4FC8AD-C413-4669-9D36-462FF2047418}.Debug|Any CPU.ActiveCfg = Debug|Any CPU
		{9D4FC8AD-C413-4669-9D36-462FF2047418}.Debug|Any CPU.Build.0 = Debug|Any CPU
		{9D4FC8AD-C413-4669-9D36-462FF2047418}.Release|Any CPU.ActiveCfg = Release|Any CPU
		{9D4FC8AD-C413-4669-9D36-462FF2047418}.Release|Any CPU.Build.0 = Release|Any CPU
	EndGlobalSection
	GlobalSection(SolutionProperties) = preSolution
		HideSolutionNode = FALSE
	EndGlobalSection
	GlobalSection(ExtensibilityGlobals) = postSolution
		SolutionGuid = {94AC61B1-91D0-43E2-A14E-1173E18D4C48}
	EndGlobalSection
EndGlobal
