
Microsoft Visual Studio Solution File, Format Version 12.00
# Visual Studio Version 17
VisualStudioVersion = 17.0.32126.317
MinimumVisualStudioVersion = 10.0.40219.1
Project("{FAE04EC0-301F-11D3-BF4B-00C04F79EFBC}") = "Day15Project4", "Day15Project4\Day15Project4.csproj", "{A6D322B3-60FD-4BF1-9E95-811B6D489F00}"
EndProject
Global
	GlobalSection(SolutionConfigurationPlatforms) = preSolution
		Debug|Any CPU = Debug|Any CPU
		Release|Any CPU = Release|Any CPU
	EndGlobalSection
	GlobalSection(ProjectConfigurationPlatforms) = postSolution
		{A6D322B3-60FD-4BF1-9E95-811B6D489F00}.Debug|Any CPU.ActiveCfg = Debug|Any CPU
		{A6D322B3-60FD-4BF1-9E95-811B6D489F00}.Debug|Any CPU.Build.0 = Debug|Any CPU
		{A6D322B3-60FD-4BF1-9E95-811B6D489F00}.Release|Any CPU.ActiveCfg = Release|Any CPU
		{A6D322B3-60FD-4BF1-9E95-811B6D489F00}.Release|Any CPU.Build.0 = Release|Any CPU
	EndGlobalSection
	GlobalSection(SolutionProperties) = preSolution
		HideSolutionNode = FALSE
	EndGlobalSection
	GlobalSection(ExtensibilityGlobals) = postSolution
		SolutionGuid = {F542DB3C-4429-46AD-8429-6B903DACCB33}
	EndGlobalSection
EndGlobal
