
Microsoft Visual Studio Solution File, Format Version 12.00
# Visual Studio Version 17
VisualStudioVersion = 17.0.32112.339
MinimumVisualStudioVersion = 10.0.40219.1
Project("{FAE04EC0-301F-11D3-BF4B-00C04F79EFBC}") = "Day14Project4", "Day14Project4\Day14Project4.csproj", "{3ABC3273-C37E-442A-BCD1-0BE2E27D62E1}"
EndProject
Global
	GlobalSection(SolutionConfigurationPlatforms) = preSolution
		Debug|Any CPU = Debug|Any CPU
		Release|Any CPU = Release|Any CPU
	EndGlobalSection
	GlobalSection(ProjectConfigurationPlatforms) = postSolution
		{3ABC3273-C37E-442A-BCD1-0BE2E27D62E1}.Debug|Any CPU.ActiveCfg = Debug|Any CPU
		{3ABC3273-C37E-442A-BCD1-0BE2E27D62E1}.Debug|Any CPU.Build.0 = Debug|Any CPU
		{3ABC3273-C37E-442A-BCD1-0BE2E27D62E1}.Release|Any CPU.ActiveCfg = Release|Any CPU
		{3ABC3273-C37E-442A-BCD1-0BE2E27D62E1}.Release|Any CPU.Build.0 = Release|Any CPU
	EndGlobalSection
	GlobalSection(SolutionProperties) = preSolution
		HideSolutionNode = FALSE
	EndGlobalSection
	GlobalSection(ExtensibilityGlobals) = postSolution
		SolutionGuid = {C0A8F008-E3C0-4FC9-B151-A6AF83A77C75}
	EndGlobalSection
EndGlobal
