
Microsoft Visual Studio Solution File, Format Version 12.00
# Visual Studio Version 17
VisualStudioVersion = 17.0.32126.317
MinimumVisualStudioVersion = 10.0.40219.1
Project("{FAE04EC0-301F-11D3-BF4B-00C04F79EFBC}") = "MyClientApp", "MyClientApp\MyClientApp.csproj", "{D2FB0A72-8A13-41E7-B1FD-CA35B2EEDEF0}"
EndProject
Project("{FAE04EC0-301F-11D3-BF4B-00C04F79EFBC}") = "BusinessLogicLibrary", "BusinessLogicLibrary\BusinessLogicLibrary.csproj", "{2D9EAB06-3C27-47CF-8FC6-E4BF4A2B48FF}"
EndProject
Project("{FAE04EC0-301F-11D3-BF4B-00C04F79EFBC}") = "DataAccessLayer", "DataAccessLayer\DataAccessLayer.csproj", "{5AA28686-A2C9-4C8C-BCD1-8545736B8DFF}"
EndProject
Global
	GlobalSection(SolutionConfigurationPlatforms) = preSolution
		Debug|Any CPU = Debug|Any CPU
		Release|Any CPU = Release|Any CPU
	EndGlobalSection
	GlobalSection(ProjectConfigurationPlatforms) = postSolution
		{D2FB0A72-8A13-41E7-B1FD-CA35B2EEDEF0}.Debug|Any CPU.ActiveCfg = Debug|Any CPU
		{D2FB0A72-8A13-41E7-B1FD-CA35B2EEDEF0}.Debug|Any CPU.Build.0 = Debug|Any CPU
		{D2FB0A72-8A13-41E7-B1FD-CA35B2EEDEF0}.Release|Any CPU.ActiveCfg = Release|Any CPU
		{D2FB0A72-8A13-41E7-B1FD-CA35B2EEDEF0}.Release|Any CPU.Build.0 = Release|Any CPU
		{2D9EAB06-3C27-47CF-8FC6-E4BF4A2B48FF}.Debug|Any CPU.ActiveCfg = Debug|Any CPU
		{2D9EAB06-3C27-47CF-8FC6-E4BF4A2B48FF}.Debug|Any CPU.Build.0 = Debug|Any CPU
		{2D9EAB06-3C27-47CF-8FC6-E4BF4A2B48FF}.Release|Any CPU.ActiveCfg = Release|Any CPU
		{2D9EAB06-3C27-47CF-8FC6-E4BF4A2B48FF}.Release|Any CPU.Build.0 = Release|Any CPU
		{5AA28686-A2C9-4C8C-BCD1-8545736B8DFF}.Debug|Any CPU.ActiveCfg = Debug|Any CPU
		{5AA28686-A2C9-4C8C-BCD1-8545736B8DFF}.Debug|Any CPU.Build.0 = Debug|Any CPU
		{5AA28686-A2C9-4C8C-BCD1-8545736B8DFF}.Release|Any CPU.ActiveCfg = Release|Any CPU
		{5AA28686-A2C9-4C8C-BCD1-8545736B8DFF}.Release|Any CPU.Build.0 = Release|Any CPU
	EndGlobalSection
	GlobalSection(SolutionProperties) = preSolution
		HideSolutionNode = FALSE
	EndGlobalSection
	GlobalSection(ExtensibilityGlobals) = postSolution
		SolutionGuid = {D38659C3-1869-4E74-9371-FDBBBFFE3167}
	EndGlobalSection
EndGlobal
