
Microsoft Visual Studio Solution File, Format Version 12.00
# Visual Studio Version 17
VisualStudioVersion = 17.0.32126.317
MinimumVisualStudioVersion = 10.0.40219.1
Project("{FAE04EC0-301F-11D3-BF4B-00C04F79EFBC}") = "Day20Project2", "Day20Project2\Day20Project2.csproj", "{4282D2EA-12B3-4434-A7A6-7E89060CC605}"
EndProject
Global
	GlobalSection(SolutionConfigurationPlatforms) = preSolution
		Debug|Any CPU = Debug|Any CPU
		Release|Any CPU = Release|Any CPU
	EndGlobalSection
	GlobalSection(ProjectConfigurationPlatforms) = postSolution
		{4282D2EA-12B3-4434-A7A6-7E89060CC605}.Debug|Any CPU.ActiveCfg = Debug|Any CPU
		{4282D2EA-12B3-4434-A7A6-7E89060CC605}.Debug|Any CPU.Build.0 = Debug|Any CPU
		{4282D2EA-12B3-4434-A7A6-7E89060CC605}.Release|Any CPU.ActiveCfg = Release|Any CPU
		{4282D2EA-12B3-4434-A7A6-7E89060CC605}.Release|Any CPU.Build.0 = Release|Any CPU
	EndGlobalSection
	GlobalSection(SolutionProperties) = preSolution
		HideSolutionNode = FALSE
	EndGlobalSection
	GlobalSection(ExtensibilityGlobals) = postSolution
		SolutionGuid = {1B3E69FE-A236-41B2-9150-6E92F5E34109}
	EndGlobalSection
EndGlobal
