
Microsoft Visual Studio Solution File, Format Version 12.00
# Visual Studio Version 17
VisualStudioVersion = 17.0.32126.317
MinimumVisualStudioVersion = 10.0.40219.1
Project("{FAE04EC0-301F-11D3-BF4B-00C04F79EFBC}") = "Day18Project1", "Day18Project1\Day18Project1.csproj", "{2A310451-5378-478F-B83D-CA844BB3BACE}"
EndProject
Project("{FAE04EC0-301F-11D3-BF4B-00C04F79EFBC}") = "MathematicsLibrary", "MathematicsLibrary\MathematicsLibrary.csproj", "{1AF103A4-E8E4-462E-A268-73A2CF937177}"
EndProject
Project("{FAE04EC0-301F-11D3-BF4B-00C04F79EFBC}") = "MyApp", "MyApp\MyApp.csproj", "{1FF0557F-B106-4AD1-8C60-3C8D9632D30A}"
EndProject
Global
	GlobalSection(SolutionConfigurationPlatforms) = preSolution
		Debug|Any CPU = Debug|Any CPU
		Release|Any CPU = Release|Any CPU
	EndGlobalSection
	GlobalSection(ProjectConfigurationPlatforms) = postSolution
		{2A310451-5378-478F-B83D-CA844BB3BACE}.Debug|Any CPU.ActiveCfg = Debug|Any CPU
		{2A310451-5378-478F-B83D-CA844BB3BACE}.Debug|Any CPU.Build.0 = Debug|Any CPU
		{2A310451-5378-478F-B83D-CA844BB3BACE}.Release|Any CPU.ActiveCfg = Release|Any CPU
		{2A310451-5378-478F-B83D-CA844BB3BACE}.Release|Any CPU.Build.0 = Release|Any CPU
		{1AF103A4-E8E4-462E-A268-73A2CF937177}.Debug|Any CPU.ActiveCfg = Debug|Any CPU
		{1AF103A4-E8E4-462E-A268-73A2CF937177}.Debug|Any CPU.Build.0 = Debug|Any CPU
		{1AF103A4-E8E4-462E-A268-73A2CF937177}.Release|Any CPU.ActiveCfg = Release|Any CPU
		{1AF103A4-E8E4-462E-A268-73A2CF937177}.Release|Any CPU.Build.0 = Release|Any CPU
		{1FF0557F-B106-4AD1-8C60-3C8D9632D30A}.Debug|Any CPU.ActiveCfg = Debug|Any CPU
		{1FF0557F-B106-4AD1-8C60-3C8D9632D30A}.Debug|Any CPU.Build.0 = Debug|Any CPU
		{1FF0557F-B106-4AD1-8C60-3C8D9632D30A}.Release|Any CPU.ActiveCfg = Release|Any CPU
		{1FF0557F-B106-4AD1-8C60-3C8D9632D30A}.Release|Any CPU.Build.0 = Release|Any CPU
	EndGlobalSection
	GlobalSection(SolutionProperties) = preSolution
		HideSolutionNode = FALSE
	EndGlobalSection
	GlobalSection(ExtensibilityGlobals) = postSolution
		SolutionGuid = {59F4B1BC-C626-451B-B09C-F5A1BE414EFE}
	EndGlobalSection
EndGlobal
