
Microsoft Visual Studio Solution File, Format Version 12.00
# Visual Studio Version 17
VisualStudioVersion = 17.0.32126.317
MinimumVisualStudioVersion = 10.0.40219.1
Project("{FAE04EC0-301F-11D3-BF4B-00C04F79EFBC}") = "Day15Project7", "Day15Project7\Day15Project7.csproj", "{1172A571-F88A-454F-93FE-2B4C1A75A810}"
EndProject
Global
	GlobalSection(SolutionConfigurationPlatforms) = preSolution
		Debug|Any CPU = Debug|Any CPU
		Release|Any CPU = Release|Any CPU
	EndGlobalSection
	GlobalSection(ProjectConfigurationPlatforms) = postSolution
		{1172A571-F88A-454F-93FE-2B4C1A75A810}.Debug|Any CPU.ActiveCfg = Debug|Any CPU
		{1172A571-F88A-454F-93FE-2B4C1A75A810}.Debug|Any CPU.Build.0 = Debug|Any CPU
		{1172A571-F88A-454F-93FE-2B4C1A75A810}.Release|Any CPU.ActiveCfg = Release|Any CPU
		{1172A571-F88A-454F-93FE-2B4C1A75A810}.Release|Any CPU.Build.0 = Release|Any CPU
	EndGlobalSection
	GlobalSection(SolutionProperties) = preSolution
		HideSolutionNode = FALSE
	EndGlobalSection
	GlobalSection(ExtensibilityGlobals) = postSolution
		SolutionGuid = {834A561B-D6F0-45E2-93B3-657996E36302}
	EndGlobalSection
EndGlobal
