
Microsoft Visual Studio Solution File, Format Version 12.00
# Visual Studio Version 17
VisualStudioVersion = 17.0.32126.317
MinimumVisualStudioVersion = 10.0.40219.1
Project("{FAE04EC0-301F-11D3-BF4B-00C04F79EFBC}") = "Day16Project5", "Day16Project5\Day16Project5.csproj", "{58179D9E-EFBF-4658-87F4-7EABF4F574E0}"
EndProject
Global
	GlobalSection(SolutionConfigurationPlatforms) = preSolution
		Debug|Any CPU = Debug|Any CPU
		Release|Any CPU = Release|Any CPU
	EndGlobalSection
	GlobalSection(ProjectConfigurationPlatforms) = postSolution
		{58179D9E-EFBF-4658-87F4-7EABF4F574E0}.Debug|Any CPU.ActiveCfg = Debug|Any CPU
		{58179D9E-EFBF-4658-87F4-7EABF4F574E0}.Debug|Any CPU.Build.0 = Debug|Any CPU
		{58179D9E-EFBF-4658-87F4-7EABF4F574E0}.Release|Any CPU.ActiveCfg = Release|Any CPU
		{58179D9E-EFBF-4658-87F4-7EABF4F574E0}.Release|Any CPU.Build.0 = Release|Any CPU
	EndGlobalSection
	GlobalSection(SolutionProperties) = preSolution
		HideSolutionNode = FALSE
	EndGlobalSection
	GlobalSection(ExtensibilityGlobals) = postSolution
		SolutionGuid = {B3B1E556-7371-48DC-AFD5-4E237E33FE7E}
	EndGlobalSection
EndGlobal
