
Microsoft Visual Studio Solution File, Format Version 12.00
# Visual Studio Version 17
VisualStudioVersion = 17.0.32126.317
MinimumVisualStudioVersion = 10.0.40219.1
Project("{FAE04EC0-301F-11D3-BF4B-00C04F79EFBC}") = "SudhaLibrary", "SudhaLibrary\SudhaLibrary.csproj", "{305D360C-4643-48EC-9E1D-3A0AFE7E1DF1}"
EndProject
Project("{FAE04EC0-301F-11D3-BF4B-00C04F79EFBC}") = "PublicLibrary", "PublicLibrary\PublicLibrary.csproj", "{8633AEA3-029E-4BD4-9524-E0E5B9122851}"
EndProject
Project("{FAE04EC0-301F-11D3-BF4B-00C04F79EFBC}") = "ClientApp", "ClientApp\ClientApp.csproj", "{38E0CEDB-6088-469C-B447-CBE83820184A}"
EndProject
Global
	GlobalSection(SolutionConfigurationPlatforms) = preSolution
		Debug|Any CPU = Debug|Any CPU
		Release|Any CPU = Release|Any CPU
	EndGlobalSection
	GlobalSection(ProjectConfigurationPlatforms) = postSolution
		{305D360C-4643-48EC-9E1D-3A0AFE7E1DF1}.Debug|Any CPU.ActiveCfg = Debug|Any CPU
		{305D360C-4643-48EC-9E1D-3A0AFE7E1DF1}.Debug|Any CPU.Build.0 = Debug|Any CPU
		{305D360C-4643-48EC-9E1D-3A0AFE7E1DF1}.Release|Any CPU.ActiveCfg = Release|Any CPU
		{305D360C-4643-48EC-9E1D-3A0AFE7E1DF1}.Release|Any CPU.Build.0 = Release|Any CPU
		{8633AEA3-029E-4BD4-9524-E0E5B9122851}.Debug|Any CPU.ActiveCfg = Debug|Any CPU
		{8633AEA3-029E-4BD4-9524-E0E5B9122851}.Debug|Any CPU.Build.0 = Debug|Any CPU
		{8633AEA3-029E-4BD4-9524-E0E5B9122851}.Release|Any CPU.ActiveCfg = Release|Any CPU
		{8633AEA3-029E-4BD4-9524-E0E5B9122851}.Release|Any CPU.Build.0 = Release|Any CPU
		{38E0CEDB-6088-469C-B447-CBE83820184A}.Debug|Any CPU.ActiveCfg = Debug|Any CPU
		{38E0CEDB-6088-469C-B447-CBE83820184A}.Debug|Any CPU.Build.0 = Debug|Any CPU
		{38E0CEDB-6088-469C-B447-CBE83820184A}.Release|Any CPU.ActiveCfg = Release|Any CPU
		{38E0CEDB-6088-469C-B447-CBE83820184A}.Release|Any CPU.Build.0 = Release|Any CPU
	EndGlobalSection
	GlobalSection(SolutionProperties) = preSolution
		HideSolutionNode = FALSE
	EndGlobalSection
	GlobalSection(ExtensibilityGlobals) = postSolution
		SolutionGuid = {2BD31B65-F8A4-4400-A769-960B643E0F92}
	EndGlobalSection
EndGlobal
