
Microsoft Visual Studio Solution File, Format Version 12.00
# Visual Studio Version 17
VisualStudioVersion = 17.0.32112.339
MinimumVisualStudioVersion = 10.0.40219.1
Project("{FAE04EC0-301F-11D3-BF4B-00C04F79EFBC}") = "Listsum", "Listsum\Listsum.csproj", "{8FBBE8CD-500C-40D2-80F7-2DF163B67BE7}"
EndProject
Global
	GlobalSection(SolutionConfigurationPlatforms) = preSolution
		Debug|Any CPU = Debug|Any CPU
		Release|Any CPU = Release|Any CPU
	EndGlobalSection
	GlobalSection(ProjectConfigurationPlatforms) = postSolution
		{8FBBE8CD-500C-40D2-80F7-2DF163B67BE7}.Debug|Any CPU.ActiveCfg = Debug|Any CPU
		{8FBBE8CD-500C-40D2-80F7-2DF163B67BE7}.Debug|Any CPU.Build.0 = Debug|Any CPU
		{8FBBE8CD-500C-40D2-80F7-2DF163B67BE7}.Release|Any CPU.ActiveCfg = Release|Any CPU
		{8FBBE8CD-500C-40D2-80F7-2DF163B67BE7}.Release|Any CPU.Build.0 = Release|Any CPU
	EndGlobalSection
	GlobalSection(SolutionProperties) = preSolution
		HideSolutionNode = FALSE
	EndGlobalSection
	GlobalSection(ExtensibilityGlobals) = postSolution
		SolutionGuid = {9EDEEE49-3929-4655-B6C1-637A3DBF5E7B}
	EndGlobalSection
EndGlobal
