
Microsoft Visual Studio Solution File, Format Version 12.00
# Visual Studio Version 17
VisualStudioVersion = 17.0.32126.317
MinimumVisualStudioVersion = 10.0.40219.1
Project("{FAE04EC0-301F-11D3-BF4B-00C04F79EFBC}") = "SudhaSugasaniLibrary", "SudhaSugasaniLibrary\SudhaSugasaniLibrary.csproj", "{756B5413-D618-4BAD-A060-727002F0B7A4}"
EndProject
Project("{FAE04EC0-301F-11D3-BF4B-00C04F79EFBC}") = "MyWindowsApp", "MyWindowsApp\MyWindowsApp.csproj", "{E9AB13D4-B09A-47CB-93CF-0009B2CAAA99}"
EndProject
Global
	GlobalSection(SolutionConfigurationPlatforms) = preSolution
		Debug|Any CPU = Debug|Any CPU
		Release|Any CPU = Release|Any CPU
	EndGlobalSection
	GlobalSection(ProjectConfigurationPlatforms) = postSolution
		{756B5413-D618-4BAD-A060-727002F0B7A4}.Debug|Any CPU.ActiveCfg = Debug|Any CPU
		{756B5413-D618-4BAD-A060-727002F0B7A4}.Debug|Any CPU.Build.0 = Debug|Any CPU
		{756B5413-D618-4BAD-A060-727002F0B7A4}.Release|Any CPU.ActiveCfg = Release|Any CPU
		{756B5413-D618-4BAD-A060-727002F0B7A4}.Release|Any CPU.Build.0 = Release|Any CPU
		{E9AB13D4-B09A-47CB-93CF-0009B2CAAA99}.Debug|Any CPU.ActiveCfg = Debug|Any CPU
		{E9AB13D4-B09A-47CB-93CF-0009B2CAAA99}.Debug|Any CPU.Build.0 = Debug|Any CPU
		{E9AB13D4-B09A-47CB-93CF-0009B2CAAA99}.Release|Any CPU.ActiveCfg = Release|Any CPU
		{E9AB13D4-B09A-47CB-93CF-0009B2CAAA99}.Release|Any CPU.Build.0 = Release|Any CPU
	EndGlobalSection
	GlobalSection(SolutionProperties) = preSolution
		HideSolutionNode = FALSE
	EndGlobalSection
	GlobalSection(ExtensibilityGlobals) = postSolution
		SolutionGuid = {1498B2EA-F0A3-4801-B0F1-223535BB143F}
	EndGlobalSection
EndGlobal
