
Microsoft Visual Studio Solution File, Format Version 12.00
# Visual Studio Version 17
VisualStudioVersion = 17.0.32126.317
MinimumVisualStudioVersion = 10.0.40219.1
Project("{FAE04EC0-301F-11D3-BF4B-00C04F79EFBC}") = "Day16Project3", "Day16Project3\Day16Project3.csproj", "{AA575E30-6592-49D8-BCC6-ADF0D1749FB1}"
EndProject
Global
	GlobalSection(SolutionConfigurationPlatforms) = preSolution
		Debug|Any CPU = Debug|Any CPU
		Release|Any CPU = Release|Any CPU
	EndGlobalSection
	GlobalSection(ProjectConfigurationPlatforms) = postSolution
		{AA575E30-6592-49D8-BCC6-ADF0D1749FB1}.Debug|Any CPU.ActiveCfg = Debug|Any CPU
		{AA575E30-6592-49D8-BCC6-ADF0D1749FB1}.Debug|Any CPU.Build.0 = Debug|Any CPU
		{AA575E30-6592-49D8-BCC6-ADF0D1749FB1}.Release|Any CPU.ActiveCfg = Release|Any CPU
		{AA575E30-6592-49D8-BCC6-ADF0D1749FB1}.Release|Any CPU.Build.0 = Release|Any CPU
	EndGlobalSection
	GlobalSection(SolutionProperties) = preSolution
		HideSolutionNode = FALSE
	EndGlobalSection
	GlobalSection(ExtensibilityGlobals) = postSolution
		SolutionGuid = {AD8C2A07-A979-4462-977A-CF380748A5E6}
	EndGlobalSection
EndGlobal
